// !$*UTF8*$!
{
	archiveVersion = 1;
	classes = {
	};
	objectVersion = 50;
	objects = {

/* Begin PBXBuildFile section */
		1D1AF9482241EFF000D23653 /* AppDelegate.m in Sources */ = {isa = PBXBuildFile; fileRef = 1D1AF9472241EFF000D23653 /* AppDelegate.m */; };
		1D1AF94B2241EFF000D23653 /* ViewController.m in Sources */ = {isa = PBXBuildFile; fileRef = 1D1AF94A2241EFF000D23653 /* ViewController.m */; };
		1D1AF94E2241EFF000D23653 /* Main.storyboard in Resources */ = {isa = PBXBuildFile; fileRef = 1D1AF94C2241EFF000D23653 /* Main.storyboard */; };
		1D1AF9502241EFF100D23653 /* Assets.xcassets in Resources */ = {isa = PBXBuildFile; fileRef = 1D1AF94F2241EFF100D23653 /* Assets.xcassets */; };
		1D1AF9532241EFF100D23653 /* LaunchScreen.storyboard in Resources */ = {isa = PBXBuildFile; fileRef = 1D1AF9512241EFF100D23653 /* LaunchScreen.storyboard */; };
		1D1AF9562241EFF100D23653 /* main.m in Sources */ = {isa = PBXBuildFile; fileRef = 1D1AF9552241EFF100D23653 /* main.m */; };
		1D1AF9602241EFF100D23653 /* GitTestTests.m in Sources */ = {isa = PBXBuildFile; fileRef = 1D1AF95F2241EFF100D23653 /* GitTestTests.m */; };
		1D1AF96B2241EFF100D23653 /* GitTestUITests.m in Sources */ = {isa = PBXBuildFile; fileRef = 1D1AF96A2241EFF100D23653 /* GitTestUITests.m */; };
		1D1AF97A2241F06700D23653 /* CustomView.m in Sources */ = {isa = PBXBuildFile; fileRef = 1D1AF9792241F06700D23653 /* CustomView.m */; };
/* End PBXBuildFile section */

/* Begin PBXContainerItemProxy section */
		1D1AF95C2241EFF100D23653 /* PBXContainerItemProxy */ = {
			isa = PBXContainerItemProxy;
			containerPortal = 1D1AF93B2241EFF000D23653 /* Project object */;
			proxyType = 1;
			remoteGlobalIDString = 1D1AF9422241EFF000D23653;
			remoteInfo = GitTest;
		};
		1D1AF9672241EFF100D23653 /* PBXContainerItemProxy */ = {
			isa = PBXContainerItemProxy;
			containerPortal = 1D1AF93B2241EFF000D23653 /* Project object */;
			proxyType = 1;
			remoteGlobalIDString = 1D1AF9422241EFF000D23653;
			remoteInfo = GitTest;
		};
/* End PBXContainerItemProxy section */

/* Begin PBXFileReference section */
		1D1AF9432241EFF000D23653 /* GitTest.app */ = {isa = PBXFileReference; explicitFileType = wrapper.application; includeInIndex = 0; path = GitTest.app; sourceTree = BUILT_PRODUCTS_DIR; };
		1D1AF9462241EFF000D23653 /* AppDelegate.h */ = {isa = PBXFileReference; lastKnownFileType = sourcecode.c.h; path = AppDelegate.h; sourceTree = "<group>"; };
		1D1AF9472241EFF000D23653 /* AppDelegate.m */ = {isa = PBXFileReference; lastKnownFileType = sourcecode.c.objc; path = AppDelegate.m; sourceTree = "<group>"; };
		1D1AF9492241EFF000D23653 /* ViewController.h */ = {isa = PBXFileReference; lastKnownFileType = sourcecode.c.h; path = ViewController.h; sourceTree = "<group>"; };
		1D1AF94A2241EFF000D23653 /* ViewController.m */ = {isa = PBXFileReference; lastKnownFileType = sourcecode.c.objc; path = ViewController.m; sourceTree = "<group>"; };
		1D1AF94D2241EFF000D23653 /* Base */ = {isa = PBXFileReference; lastKnownFileType = file.storyboard; name = Base; path = Base.lproj/Main.storyboard; sourceTree = "<group>"; };
		1D1AF94F2241EFF100D23653 /* Assets.xcassets */ = {isa = PBXFileReference; lastKnownFileType = folder.assetcatalog; path = Assets.xcassets; sourceTree = "<group>"; };
		1D1AF9522241EFF100D23653 /* Base */ = {isa = PBXFileReference; lastKnownFileType = file.storyboard; name = Base; path = Base.lproj/LaunchScreen.storyboard; sourceTree = "<group>"; };
		1D1AF9542241EFF100D23653 /* Info.plist */ = {isa = PBXFileReference; lastKnownFileType = text.plist.xml; path = Info.plist; sourceTree = "<group>"; };
		1D1AF9552241EFF100D23653 /* main.m */ = {isa = PBXFileReference; lastKnownFileType = sourcecode.c.objc; path = main.m; sourceTree = "<group>"; };
		1D1AF95B2241EFF100D23653 /* GitTestTests.xctest */ = {isa = PBXFileReference; explicitFileType = wrapper.cfbundle; includeInIndex = 0; path = GitTestTests.xctest; sourceTree = BUILT_PRODUCTS_DIR; };
		1D1AF95F2241EFF100D23653 /* GitTestTests.m */ = {isa = PBXFileReference; lastKnownFileType = sourcecode.c.objc; path = GitTestTests.m; sourceTree = "<group>"; };
		1D1AF9612241EFF100D23653 /* Info.plist */ = {isa = PBXFileReference; lastKnownFileType = text.plist.xml; path = Info.plist; sourceTree = "<group>"; };
		1D1AF9662241EFF100D23653 /* GitTestUITests.xctest */ = {isa = PBXFileReference; explicitFileType = wrapper.cfbundle; includeInIndex = 0; path = GitTestUITests.xctest; sourceTree = BUILT_PRODUCTS_DIR; };
		1D1AF96A2241EFF100D23653 /* GitTestUITests.m */ = {isa = PBXFileReference; lastKnownFileType = sourcecode.c.objc; path = GitTestUITests.m; sourceTree = "<group>"; };
		1D1AF96C2241EFF100D23653 /* Info.plist */ = {isa = PBXFileReference; lastKnownFileType = text.plist.xml; path = Info.plist; sourceTree = "<group>"; };
		1D1AF9782241F06700D23653 /* CustomView.h */ = {isa = PBXFileReference; lastKnownFileType = sourcecode.c.h; path = CustomView.h; sourceTree = "<group>"; };
		1D1AF9792241F06700D23653 /* CustomView.m */ = {isa = PBXFileReference; lastKnownFileType = sourcecode.c.objc; path = CustomView.m; sourceTree = "<group>"; };
/* End PBXFileReference section */

/* Begin PBXFrameworksBuildPhase section */
		1D1AF9402241EFF000D23653 /* Frameworks */ = {
			isa = PBXFrameworksBuildPhase;
			buildActionMask = 2147483647;
			files = (
			);
			runOnlyForDeploymentPostprocessing = 0;
		};
		1D1AF9582241EFF100D23653 /* Frameworks */ = {
			isa = PBXFrameworksBuildPhase;
			buildActionMask = 2147483647;
			files = (
			);
			runOnlyForDeploymentPostprocessing = 0;
		};
		1D1AF9632241EFF100D23653 /* Frameworks */ = {
			isa = PBXFrameworksBuildPhase;
			buildActionMask = 2147483647;
			files = (
			);
			runOnlyForDeploymentPostprocessing = 0;
		};
/* End PBXFrameworksBuildPhase section */

/* Begin PBXGroup section */
		1D1AF93A2241EFF000D23653 = {
			isa = PBXGroup;
			children = (
				1D1AF9452241EFF000D23653 /* GitTest */,
				1D1AF95E2241EFF100D23653 /* GitTestTests */,
				1D1AF9692241EFF100D23653 /* GitTestUITests */,
				1D1AF9442241EFF000D23653 /* Products */,
			);
			sourceTree = "<group>";
		};
		1D1AF9442241EFF000D23653 /* Products */ = {
			isa = PBXGroup;
			children = (
				1D1AF9432241EFF000D23653 /* GitTest.app */,
				1D1AF95B2241EFF100D23653 /* GitTestTests.xctest */,
				1D1AF9662241EFF100D23653 /* GitTestUITests.xctest */,
			);
			name = Products;
			sourceTree = "<group>";
		};
		1D1AF9452241EFF000D23653 /* GitTest */ = {
			isa = PBXGroup;
			children = (
				1D1AF9462241EFF000D23653 /* AppDelegate.h */,
				1D1AF9472241EFF000D23653 /* AppDelegate.m */,
				1D1AF9492241EFF000D23653 /* ViewController.h */,
				1D1AF94A2241EFF000D23653 /* ViewController.m */,
				1D1AF9782241F06700D23653 /* CustomView.h */,
				1D1AF9792241F06700D23653 /* CustomView.m */,
				1D1AF94C2241EFF000D23653 /* Main.storyboard */,
				1D1AF94F2241EFF100D23653 /* Assets.xcassets */,
				1D1AF9512241EFF100D23653 /* LaunchScreen.storyboard */,
				1D1AF9542241EFF100D23653 /* Info.plist */,
				1D1AF9552241EFF100D23653 /* main.m */,
			);
			path = GitTest;
			sourceTree = "<group>";
		};
		1D1AF95E2241EFF100D23653 /* GitTestTests */ = {
			isa = PBXGroup;
			children = (
				1D1AF95F2241EFF100D23653 /* GitTestTests.m */,
				1D1AF9612241EFF100D23653 /* Info.plist */,
			);
			path = GitTestTests;
			sourceTree = "<group>";
		};
		1D1AF9692241EFF100D23653 /* GitTestUITests */ = {
			isa = PBXGroup;
			children = (
				1D1AF96A2241EFF100D23653 /* GitTestUITests.m */,
				1D1AF96C2241EFF100D23653 /* Info.plist */,
			);
			path = GitTestUITests;
			sourceTree = "<group>";
		};
/* End PBXGroup section */

/* Begin PBXNativeTarget section */
		1D1AF9422241EFF000D23653 /* GitTest */ = {
			isa = PBXNativeTarget;
			buildConfigurationList = 1D1AF96F2241EFF100D23653 /* Build configuration list for PBXNativeTarget "GitTest" */;
			buildPhases = (
				1D1AF93F2241EFF000D23653 /* Sources */,
				1D1AF9402241EFF000D23653 /* Frameworks */,
				1D1AF9412241EFF000D23653 /* Resources */,
			);
			buildRules = (
			);
			dependencies = (
			);
			name = GitTest;
			productName = GitTest;
			productReference = 1D1AF9432241EFF000D23653 /* GitTest.app */;
			productType = "com.apple.product-type.application";
		};
		1D1AF95A2241EFF100D23653 /* GitTestTests */ = {
			isa = PBXNativeTarget;
			buildConfigurationList = 1D1AF9722241EFF100D23653 /* Build configuration list for PBXNativeTarget "GitTestTests" */;
			buildPhases = (
				1D1AF9572241EFF100D23653 /* Sources */,
				1D1AF9582241EFF100D23653 /* Frameworks */,
				1D1AF9592241EFF100D23653 /* Resources */,
			);
			buildRules = (
			);
			dependencies = (
				1D1AF95D2241EFF100D23653 /* PBXTargetDependency */,
			);
			name = GitTestTests;
			productName = GitTestTests;
			productReference = 1D1AF95B2241EFF100D23653 /* GitTestTests.xctest */;
			productType = "com.apple.product-type.bundle.unit-test";
		};
		1D1AF9652241EFF100D23653 /* GitTestUITests */ = {
			isa = PBXNativeTarget;
			buildConfigurationList = 1D1AF9752241EFF100D23653 /* Build configuration list for PBXNativeTarget "GitTestUITests" */;
			buildPhases = (
				1D1AF9622241EFF100D23653 /* Sources */,
				1D1AF9632241EFF100D23653 /* Frameworks */,
				1D1AF9642241EFF100D23653 /* Resources */,
			);
			buildRules = (
			);
			dependencies = (
				1D1AF9682241EFF100D23653 /* PBXTargetDependency */,
			);
			name = GitTestUITests;
			productName = GitTestUITests;
			productReference = 1D1AF9662241EFF100D23653 /* GitTestUITests.xctest */;
			productType = "com.apple.product-type.bundle.ui-testing";
		};
/* End PBXNativeTarget section */

/* Begin PBXProject section */
		1D1AF93B2241EFF000D23653 /* Project object */ = {
			isa = PBXProject;
			attributes = {
				LastUpgradeCheck = 1010;
				ORGANIZATIONNAME = "黄浩";
				TargetAttributes = {
					1D1AF9422241EFF000D23653 = {
						CreatedOnToolsVersion = 10.1;
					};
					1D1AF95A2241EFF100D23653 = {
						CreatedOnToolsVersion = 10.1;
						TestTargetID = 1D1AF9422241EFF000D23653;
					};
					1D1AF9652241EFF100D23653 = {
						CreatedOnToolsVersion = 10.1;
						TestTargetID = 1D1AF9422241EFF000D23653;
					};
				};
			};
			buildConfigurationList = 1D1AF93E2241EFF000D23653 /* Build configuration list for PBXProject "GitTest" */;
			compatibilityVersion = "Xcode 9.3";
			developmentRegion = en;
			hasScannedForEncodings = 0;
			knownRegions = (
				en,
				Base,
			);
			mainGroup = 1D1AF93A2241EFF000D23653;
			productRefGroup = 1D1AF9442241EFF000D23653 /* Products */;
			projectDirPath = "";
			projectRoot = "";
			targets = (
				1D1AF9422241EFF000D23653 /* GitTest */,
				1D1AF95A2241EFF100D23653 /* GitTestTests */,
				1D1AF9652241EFF100D23653 /* GitTestUITests */,
			);
		};
/* End PBXProject section */

/* Begin PBXResourcesBuildPhase section */
		1D1AF9412241EFF000D23653 /* Resources */ = {
			isa = PBXResourcesBuildPhase;
			buildActionMask = 2147483647;
			files = (
				1D1AF9532241EFF100D23653 /* LaunchScreen.storyboard in Resources */,
				1D1AF9502241EFF100D23653 /* Assets.xcassets in Resources */,
				1D1AF94E2241EFF000D23653 /* Main.storyboard in Resources */,
			);
			runOnlyForDeploymentPostprocessing = 0;
		};
		1D1AF9592241EFF100D23653 /* Resources */ = {
			isa = PBXResourcesBuildPhase;
			buildActionMask = 2147483647;
			files = (
			);
			runOnlyForDeploymentPostprocessing = 0;
		};
		1D1AF9642241EFF100D23653 /* Resources */ = {
			isa = PBXResourcesBuildPhase;
			buildActionMask = 2147483647;
			files = (
			);
			runOnlyForDeploymentPostprocessing = 0;
		};
/* End PBXResourcesBuildPhase section */

/* Begin PBXSourcesBuildPhase section */
		1D1AF93F2241EFF000D23653 /* Sources */ = {
			isa = PBXSourcesBuildPhase;
			buildActionMask = 2147483647;
			files = (
				1D1AF94B2241EFF000D23653 /* ViewController.m in Sources */,
				1D1AF97A2241F06700D23653 /* CustomView.m in Sources */,
				1D1AF9562241EFF100D23653 /* main.m in Sources */,
				1D1AF9482241EFF000D23653 /* AppDelegate.m in Sources */,
			);
			runOnlyForDeploymentPostprocessing = 0;
		};
		1D1AF9572241EFF100D23653 /* Sources */ = {
			isa = PBXSourcesBuildPhase;
			buildActionMask = 2147483647;
			files = (
				1D1AF9602241EFF100D23653 /* GitTestTests.m in Sources */,
			);
			runOnlyForDeploymentPostprocessing = 0;
		};
		1D1AF9622241EFF100D23653 /* Sources */ = {
			isa = PBXSourcesBuildPhase;
			buildActionMask = 2147483647;
			files = (
				1D1AF96B2241EFF100D23653 /* GitTestUITests.m in Sources */,
			);
			runOnlyForDeploymentPostprocessing = 0;
		};
/* End PBXSourcesBuildPhase section */

/* Begin PBXTargetDependency section */
		1D1AF95D2241EFF100D23653 /* PBXTargetDependency */ = {
			isa = PBXTargetDependency;
			target = 1D1AF9422241EFF000D23653 /* GitTest */;
			targetProxy = 1D1AF95C2241EFF100D23653 /* PBXContainerItemProxy */;
		};
		1D1AF9682241EFF100D23653 /* PBXTargetDependency */ = {
			isa = PBXTargetDependency;
			target = 1D1AF9422241EFF000D23653 /* GitTest */;
			targetProxy = 1D1AF9672241EFF100D23653 /* PBXContainerItemProxy */;
		};
/* End PBXTargetDependency section */

/* Begin PBXVariantGroup section */
		1D1AF94C2241EFF000D23653 /* Main.storyboard */ = {
			isa = PBXVariantGroup;
			children = (
				1D1AF94D2241EFF000D23653 /* Base */,
			);
			name = Main.storyboard;
			sourceTree = "<group>";
		};
		1D1AF9512241EFF100D23653 /* LaunchScreen.storyboard */ = {
			isa = PBXVariantGroup;
			children = (
				1D1AF9522241EFF100D23653 /* Base */,
			);
			name = LaunchScreen.storyboard;
			sourceTree = "<group>";
		};
/* End PBXVariantGroup section */

/* Begin XCBuildConfiguration section */
		1D1AF96D2241EFF100D23653 /* Debug */ = {
			isa = XCBuildConfiguration;
			buildSettings = {
				ALWAYS_SEARCH_USER_PATHS = NO;
				CLANG_ANALYZER_NONNULL = YES;
				CLANG_ANALYZER_NUMBER_OBJECT_CONVERSION = YES_AGGRESSIVE;
				CLANG_CXX_LANGUAGE_STANDARD = "gnu++14";
				CLANG_CXX_LIBRARY = "libc++";
				CLANG_ENABLE_MODULES = YES;
				CLANG_ENABLE_OBJC_ARC = YES;
				CLANG_ENABLE_OBJC_WEAK = YES;
				CLANG_WARN_BLOCK_CAPTURE_AUTORELEASING = YES;
				CLANG_WARN_BOOL_CONVERSION = YES;
				CLANG_WARN_COMMA = YES;
				CLANG_WARN_CONSTANT_CONVERSION = YES;
				CLANG_WARN_DEPRECATED_OBJC_IMPLEMENTATIONS = YES;
				CLANG_WARN_DIRECT_OBJC_ISA_USAGE = YES_ERROR;
				CLANG_WARN_DOCUMENTATION_COMMENTS = YES;
				CLANG_WARN_EMPTY_BODY = YES;
				CLANG_WARN_ENUM_CONVERSION = YES;
				CLANG_WARN_INFINITE_RECURSION = YES;
				CLANG_WARN_INT_CONVERSION = YES;
				CLANG_WARN_NON_LITERAL_NULL_CONVERSION = YES;
				CLANG_WARN_OBJC_IMPLICIT_RETAIN_SELF = YES;
				CLANG_WARN_OBJC_LITERAL_CONVERSION = YES;
				CLANG_WARN_OBJC_ROOT_CLASS = YES_ERROR;
				CLANG_WARN_RANGE_LOOP_ANALYSIS = YES;
				CLANG_WARN_STRICT_PROTOTYPES = YES;
				CLANG_WARN_SUSPICIOUS_MOVE = YES;
				CLANG_WARN_UNGUARDED_AVAILABILITY = YES_AGGRESSIVE;
				CLANG_WARN_UNREACHABLE_CODE = YES;
				CLANG_WARN__DUPLICATE_METHOD_MATCH = YES;
				CODE_SIGN_IDENTITY = "iPhone Developer";
				COPY_PHASE_STRIP = NO;
				DEBUG_INFORMATION_FORMAT = dwarf;
				ENABLE_STRICT_OBJC_MSGSEND = YES;
				ENABLE_TESTABILITY = YES;
				GCC_C_LANGUAGE_STANDARD = gnu11;
				GCC_DYNAMIC_NO_PIC = NO;
				GCC_NO_COMMON_BLOCKS = YES;
				GCC_OPTIMIZATION_LEVEL = 0;
				GCC_PREPROCESSOR_DEFINITIONS = (
					"DEBUG=1",
					"$(inherited)",
				);
				GCC_WARN_64_TO_32_BIT_CONVERSION = YES;
				GCC_WARN_ABOUT_RETURN_TYPE = YES_ERROR;
				GCC_WARN_UNDECLARED_SELECTOR = YES;
				GCC_WARN_UNINITIALIZED_AUTOS = YES_AGGRESSIVE;
				GCC_WARN_UNUSED_FUNCTION = YES;
				GCC_WARN_UNUSED_VARIABLE = YES;
				IPHONEOS_DEPLOYMENT_TARGET = 12.1;
				MTL_ENABLE_DEBUG_INFO = INCLUDE_SOURCE;
				MTL_FAST_MATH = YES;
				ONLY_ACTIVE_ARCH = YES;
				SDKROOT = iphoneos;
			};
			name = Debug;
		};
		1D1AF96E2241EFF100D23653 /* Release */ = {
			isa = XCBuildConfiguration;
			buildSettings = {
				ALWAYS_SEARCH_USER_PATHS = NO;
				CLANG_ANALYZER_NONNULL = YES;
				CLANG_ANALYZER_NUMBER_OBJECT_CONVERSION = YES_AGGRESSIVE;
				CLANG_CXX_LANGUAGE_STANDARD = "gnu++14";
				CLANG_CXX_LIBRARY = "libc++";
				CLANG_ENABLE_MODULES = YES;
				CLANG_ENABLE_OBJC_ARC = YES;
				CLANG_ENABLE_OBJC_WEAK = YES;
				CLANG_WARN_BLOCK_CAPTURE_AUTORELEASING = YES;
				CLANG_WARN_BOOL_CONVERSION = YES;
				CLANG_WARN_COMMA = YES;
				CLANG_WARN_CONSTANT_CONVERSION = YES;
				CLANG_WARN_DEPRECATED_OBJC_IMPLEMENTATIONS = YES;
				CLANG_WARN_DIRECT_OBJC_ISA_USAGE = YES_ERROR;
				CLANG_WARN_DOCUMENTATION_COMMENTS = YES;
				CLANG_WARN_EMPTY_BODY = YES;
				CLANG_WARN_ENUM_CONVERSION = YES;
				CLANG_WARN_INFINITE_RECURSION = YES;
				CLANG_WARN_INT_CONVERSION = YES;
				CLANG_WARN_NON_LITERAL_NULL_CONVERSION = YES;
				CLANG_WARN_OBJC_IMPLICIT_RETAIN_SELF = YES;
				CLANG_WARN_OBJC_LITERAL_CONVERSION = YES;
				CLANG_WARN_OBJC_ROOT_CLASS = YES_ERROR;
				CLANG_WARN_RANGE_LOOP_ANALYSIS = YES;
				CLANG_WARN_STRICT_PROTOTYPES = YES;
				CLANG_WARN_SUSPICIOUS_MOVE = YES;
				CLANG_WARN_UNGUARDED_AVAILABILITY = YES_AGGRESSIVE;
				CLANG_WARN_UNREACHABLE_CODE = YES;
				CLANG_WARN__DUPLICATE_METHOD_MATCH = YES;
				CODE_SIGN_IDENTITY = "iPhone Developer";
				COPY_PHASE_STRIP = NO;
				DEBUG_INFORMATION_FORMAT = "dwarf-with-dsym";
				ENABLE_NS_ASSERTIONS = NO;
				ENABLE_STRICT_OBJC_MSGSEND = YES;
				GCC_C_LANGUAGE_STANDARD = gnu11;
				GCC_NO_COMMON_BLOCKS = YES;
				GCC_WARN_64_TO_32_BIT_CONVERSION = YES;
				GCC_WARN_ABOUT_RETURN_TYPE = YES_ERROR;
				GCC_WARN_UNDECLARED_SELECTOR = YES;
				GCC_WARN_UNINITIALIZED_AUTOS = YES_AGGRESSIVE;
				GCC_WARN_UNUSED_FUNCTION = YES;
				GCC_WARN_UNUSED_VARIABLE = YES;
				IPHONEOS_DEPLOYMENT_TARGET = 12.1;
				MTL_ENABLE_DEBUG_INFO = NO;
				MTL_FAST_MATH = YES;
				SDKROOT = iphoneos;
				VALIDATE_PRODUCT = YES;
			};
			name = Release;
		};
		1D1AF9702241EFF100D23653 /* Debug */ = {
			isa = XCBuildConfiguration;
			buildSettings = {
				ASSETCATALOG_COMPILER_APPICON_NAME = AppIcon;
				CODE_SIGN_STYLE = Automatic;
				INFOPLIST_FILE = GitTest/Info.plist;
				LD_RUNPATH_SEARCH_PATHS = (
					"$(inherited)",
					"@executable_path/Frameworks",
				);
				PRODUCT_BUNDLE_IDENTIFIER = com.haunghao.GitTest;
				PRODUCT_NAME = "$(TARGET_NAME)";
				TARGETED_DEVICE_FAMILY = "1,2";
			};
			name = Debug;
		};
		1D1AF9712241EFF100D23653 /* Release */ = {
			isa = XCBuildConfiguration;
			buildSettings = {
				ASSETCATALOG_COMPILER_APPICON_NAME = AppIcon;
				CODE_SIGN_STYLE = Automatic;
				INFOPLIST_FILE = GitTest/Info.plist;
				LD_RUNPATH_SEARCH_PATHS = (
					"$(inherited)",
					"@executable_path/Frameworks",
				);
				PRODUCT_BUNDLE_IDENTIFIER = com.haunghao.GitTest;
				PRODUCT_NAME = "$(TARGET_NAME)";
				TARGETED_DEVICE_FAMILY = "1,2";
			};
			name = Release;
		};
		1D1AF9732241EFF100D23653 /* Debug */ = {
			isa = XCBuildConfiguration;
			buildSettings = {
				BUNDLE_LOADER = "$(TEST_HOST)";
				CODE_SIGN_STYLE = Automatic;
				INFOPLIST_FILE = GitTestTests/Info.plist;
				LD_RUNPATH_SEARCH_PATHS = (
					"$(inherited)",
					"@executable_path/Frameworks",
					"@loader_path/Frameworks",
				);
				PRODUCT_BUNDLE_IDENTIFIER = com.haunghao.GitTestTests;
				PRODUCT_NAME = "$(TARGET_NAME)";
				TARGETED_DEVICE_FAMILY = "1,2";
				TEST_HOST = "$(BUILT_PRODUCTS_DIR)/GitTest.app/GitTest";
			};
			name = Debug;
		};
		1D1AF9742241EFF100D23653 /* Release */ = {
			isa = XCBuildConfiguration;
			buildSettings = {
				BUNDLE_LOADER = "$(TEST_HOST)";
				CODE_SIGN_STYLE = Automatic;
				INFOPLIST_FILE = GitTestTests/Info.plist;
				LD_RUNPATH_SEARCH_PATHS = (
					"$(inherited)",
					"@executable_path/Frameworks",
					"@loader_path/Frameworks",
				);
				PRODUCT_BUNDLE_IDENTIFIER = com.haunghao.GitTestTests;
				PRODUCT_NAME = "$(TARGET_NAME)";
				TARGETED_DEVICE_FAMILY = "1,2";
				TEST_HOST = "$(BUILT_PRODUCTS_DIR)/GitTest.app/GitTest";
			};
			name = Release;
		};
		1D1AF9762241EFF100D23653 /* Debug */ = {
			isa = XCBuildConfiguration;
			buildSettings = {
				CODE_SIGN_STYLE = Automatic;
				INFOPLIST_FILE = GitTestUITests/Info.plist;
				LD_RUNPATH_SEARCH_PATHS = (
					"$(inherited)",
					"@executable_path/Frameworks",
					"@loader_path/Frameworks",
				);
				PRODUCT_BUNDLE_IDENTIFIER = com.haunghao.GitTestUITests;
				PRODUCT_NAME = "$(TARGET_NAME)";
				TARGETED_DEVICE_FAMILY = "1,2";
				TEST_TARGET_NAME = GitTest;
			};
			name = Debug;
		};
		1D1AF9772241EFF100D23653 /* Release */ = {
			isa = XCBuildConfiguration;
			buildSettings = {
				CODE_SIGN_STYLE = Automatic;
				INFOPLIST_FILE = GitTestUITests/Info.plist;
				LD_RUNPATH_SEARCH_PATHS = (
					"$(inherited)",
					"@executable_path/Frameworks",
					"@loader_path/Frameworks",
				);
				PRODUCT_BUNDLE_IDENTIFIER = com.haunghao.GitTestUITests;
				PRODUCT_NAME = "$(TARGET_NAME)";
				TARGETED_DEVICE_FAMILY = "1,2";
				TEST_TARGET_NAME = GitTest;
			};
			name = Release;
		};
/* End XCBuildConfiguration section */

/* Begin XCConfigurationList section */
		1D1AF93E2241EFF000D23653 /* Build configuration list for PBXProject "GitTest" */ = {
			isa = XCConfigurationList;
			buildConfigurations = (
				1D1AF96D2241EFF100D23653 /* Debug */,
				1D1AF96E2241EFF100D23653 /* Release */,
			);
			defaultConfigurationIsVisible = 0;
			defaultConfigurationName = Release;
		};
		1D1AF96F2241EFF100D23653 /* Build configuration list for PBXNativeTarget "GitTest" */ = {
			isa = XCConfigurationList;
			buildConfigurations = (
				1D1AF9702241EFF100D23653 /* Debug */,
				1D1AF9712241EFF100D23653 /* Release */,
			);
			defaultConfigurationIsVisible = 0;
			defaultConfigurationName = Release;
		};
		1D1AF9722241EFF100D23653 /* Build configuration list for PBXNativeTarget "GitTestTests" */ = {
			isa = XCConfigurationList;
			buildConfigurations = (
				1D1AF9732241EFF100D23653 /* Debug */,
				1D1AF9742241EFF100D23653 /* Release */,
			);
			defaultConfigurationIsVisible = 0;
			defaultConfigurationName = Release;
		};
		1D1AF9752241EFF100D23653 /* Build configuration list for PBXNativeTarget "GitTestUITests" */ = {
			isa = XCConfigurationList;
			buildConfigurations = (
				1D1AF9762241EFF100D23653 /* Debug */,
				1D1AF9772241EFF100D23653 /* Release */,
			);
			defaultConfigurationIsVisible = 0;
			defaultConfigurationName = Release;
		};
/* End XCConfigurationList section */
	};
	rootObject = 1D1AF93B2241EFF000D23653 /* Project object */;
}
