// !$*UTF8*$!
{
	archiveVersion = 1;
	classes = {
	};
	objectVersion = 48;
	objects = {

/* Begin PBXBuildFile section */
		1D119B2421081CD5006B1305 /* ViewController1.m in Sources */ = {isa = PBXBuildFile; fileRef = 1D119B2321081CD5006B1305 /* ViewController1.m */; };
		1D119B2A21082287006B1305 /* ViewController2.m in Sources */ = {isa = PBXBuildFile; fileRef = 1D119B2921082287006B1305 /* ViewController2.m */; };
		1D1AF9392241D24100D23653 /* CustomView.m in Sources */ = {isa = PBXBuildFile; fileRef = 1D1AF9382241D24100D23653 /* CustomView.m */; };
		1D2B6CC820CA2D7800831AB8 /* People.m in Sources */ = {isa = PBXBuildFile; fileRef = 1D2B6CC720CA2D7800831AB8 /* People.m */; };
		1D2B6CCB20CA2E3A00831AB8 /* Son.m in Sources */ = {isa = PBXBuildFile; fileRef = 1D2B6CCA20CA2E3A00831AB8 /* Son.m */; };
		1D5DE2C92227D7B000D88B00 /* NewJKOCProjectTool.a in Frameworks */ = {isa = PBXBuildFile; fileRef = 1D5DE2C82227D7B000D88B00 /* NewJKOCProjectTool.a */; };
		1D742B1D20AD308000FB7D9E /* AppDelegate.m in Sources */ = {isa = PBXBuildFile; fileRef = 1D742B1C20AD308000FB7D9E /* AppDelegate.m */; };
		1D742B2020AD308000FB7D9E /* ViewController.m in Sources */ = {isa = PBXBuildFile; fileRef = 1D742B1F20AD308000FB7D9E /* ViewController.m */; };
		1D742B2320AD308000FB7D9E /* Main.storyboard in Resources */ = {isa = PBXBuildFile; fileRef = 1D742B2120AD308000FB7D9E /* Main.storyboard */; };
		1D742B2520AD308000FB7D9E /* Assets.xcassets in Resources */ = {isa = PBXBuildFile; fileRef = 1D742B2420AD308000FB7D9E /* Assets.xcassets */; };
		1D742B2820AD308000FB7D9E /* LaunchScreen.storyboard in Resources */ = {isa = PBXBuildFile; fileRef = 1D742B2620AD308000FB7D9E /* LaunchScreen.storyboard */; };
		1D742B2B20AD308000FB7D9E /* main.m in Sources */ = {isa = PBXBuildFile; fileRef = 1D742B2A20AD308000FB7D9E /* main.m */; };
		1D742B3520AD308000FB7D9E /* HHTestTests.m in Sources */ = {isa = PBXBuildFile; fileRef = 1D742B3420AD308000FB7D9E /* HHTestTests.m */; };
		1D742B4020AD308000FB7D9E /* HHTestUITests.m in Sources */ = {isa = PBXBuildFile; fileRef = 1D742B3F20AD308000FB7D9E /* HHTestUITests.m */; };
		1DCC59BC21017969007EDB63 /* icon_shoujihaoxq@2x.png in Resources */ = {isa = PBXBuildFile; fileRef = 1DCC59BA21017968007EDB63 /* icon_shoujihaoxq@2x.png */; };
		1DCC59BD21017969007EDB63 /* icon_shoujihaoxq@3x.png in Resources */ = {isa = PBXBuildFile; fileRef = 1DCC59BB21017969007EDB63 /* icon_shoujihaoxq@3x.png */; };
		1DCC59C021017AE4007EDB63 /* HHTexiField.m in Sources */ = {isa = PBXBuildFile; fileRef = 1DCC59BF21017AE4007EDB63 /* HHTexiField.m */; };
		5E4B2B709CB96A672350CFD0 /* libPods-HHTest.a in Frameworks */ = {isa = PBXBuildFile; fileRef = D3BBCA49219D4A7EF5495930 /* libPods-HHTest.a */; };
		62731E562D76F310619F5F26 /* libPods-HHTestTests.a in Frameworks */ = {isa = PBXBuildFile; fileRef = A95A5DE80E2DC508524DA7BE /* libPods-HHTestTests.a */; };
		8E3F4AF4D9E8274E84B681A7 /* libPods-HHTestUITests.a in Frameworks */ = {isa = PBXBuildFile; fileRef = AEDD0F1BD495729C59A6403D /* libPods-HHTestUITests.a */; };
/* End PBXBuildFile section */

/* Begin PBXContainerItemProxy section */
		1D742B3120AD308000FB7D9E /* PBXContainerItemProxy */ = {
			isa = PBXContainerItemProxy;
			containerPortal = 1D742B1020AD308000FB7D9E /* Project object */;
			proxyType = 1;
			remoteGlobalIDString = 1D742B1720AD308000FB7D9E;
			remoteInfo = HHTest;
		};
		1D742B3C20AD308000FB7D9E /* PBXContainerItemProxy */ = {
			isa = PBXContainerItemProxy;
			containerPortal = 1D742B1020AD308000FB7D9E /* Project object */;
			proxyType = 1;
			remoteGlobalIDString = 1D742B1720AD308000FB7D9E;
			remoteInfo = HHTest;
		};
/* End PBXContainerItemProxy section */

/* Begin PBXFileReference section */
		19E19BFE0E98B66780D25753 /* Pods-HHTestTests.release.xcconfig */ = {isa = PBXFileReference; includeInIndex = 1; lastKnownFileType = text.xcconfig; name = "Pods-HHTestTests.release.xcconfig"; path = "Pods/Target Support Files/Pods-HHTestTests/Pods-HHTestTests.release.xcconfig"; sourceTree = "<group>"; };
		1D119B2221081CD5006B1305 /* ViewController1.h */ = {isa = PBXFileReference; lastKnownFileType = sourcecode.c.h; path = ViewController1.h; sourceTree = "<group>"; };
		1D119B2321081CD5006B1305 /* ViewController1.m */ = {isa = PBXFileReference; lastKnownFileType = sourcecode.c.objc; path = ViewController1.m; sourceTree = "<group>"; };
		1D119B2821082287006B1305 /* ViewController2.h */ = {isa = PBXFileReference; lastKnownFileType = sourcecode.c.h; path = ViewController2.h; sourceTree = "<group>"; };
		1D119B2921082287006B1305 /* ViewController2.m */ = {isa = PBXFileReference; lastKnownFileType = sourcecode.c.objc; path = ViewController2.m; sourceTree = "<group>"; };
		1D1AF9372241D24100D23653 /* CustomView.h */ = {isa = PBXFileReference; lastKnownFileType = sourcecode.c.h; path = CustomView.h; sourceTree = "<group>"; };
		1D1AF9382241D24100D23653 /* CustomView.m */ = {isa = PBXFileReference; lastKnownFileType = sourcecode.c.objc; path = CustomView.m; sourceTree = "<group>"; };
		1D2B6CC620CA2D7800831AB8 /* People.h */ = {isa = PBXFileReference; lastKnownFileType = sourcecode.c.h; path = People.h; sourceTree = "<group>"; };
		1D2B6CC720CA2D7800831AB8 /* People.m */ = {isa = PBXFileReference; lastKnownFileType = sourcecode.c.objc; path = People.m; sourceTree = "<group>"; };
		1D2B6CC920CA2E3A00831AB8 /* Son.h */ = {isa = PBXFileReference; lastKnownFileType = sourcecode.c.h; path = Son.h; sourceTree = "<group>"; };
		1D2B6CCA20CA2E3A00831AB8 /* Son.m */ = {isa = PBXFileReference; lastKnownFileType = sourcecode.c.objc; path = Son.m; sourceTree = "<group>"; };
		1D5DE2C82227D7B000D88B00 /* NewJKOCProjectTool.a */ = {isa = PBXFileReference; lastKnownFileType = archive.ar; path = NewJKOCProjectTool.a; sourceTree = "<group>"; };
		1D5DE2CA2227D87600D88B00 /* HHTool.h */ = {isa = PBXFileReference; fileEncoding = 4; lastKnownFileType = sourcecode.c.h; path = HHTool.h; sourceTree = "<group>"; };
		1D742B1820AD308000FB7D9E /* HHTest.app */ = {isa = PBXFileReference; explicitFileType = wrapper.application; includeInIndex = 0; path = HHTest.app; sourceTree = BUILT_PRODUCTS_DIR; };
		1D742B1B20AD308000FB7D9E /* AppDelegate.h */ = {isa = PBXFileReference; lastKnownFileType = sourcecode.c.h; path = AppDelegate.h; sourceTree = "<group>"; };
		1D742B1C20AD308000FB7D9E /* AppDelegate.m */ = {isa = PBXFileReference; lastKnownFileType = sourcecode.c.objc; path = AppDelegate.m; sourceTree = "<group>"; };
		1D742B1E20AD308000FB7D9E /* ViewController.h */ = {isa = PBXFileReference; lastKnownFileType = sourcecode.c.h; path = ViewController.h; sourceTree = "<group>"; };
		1D742B1F20AD308000FB7D9E /* ViewController.m */ = {isa = PBXFileReference; lastKnownFileType = sourcecode.c.objc; path = ViewController.m; sourceTree = "<group>"; };
		1D742B2220AD308000FB7D9E /* Base */ = {isa = PBXFileReference; lastKnownFileType = file.storyboard; name = Base; path = Base.lproj/Main.storyboard; sourceTree = "<group>"; };
		1D742B2420AD308000FB7D9E /* Assets.xcassets */ = {isa = PBXFileReference; lastKnownFileType = folder.assetcatalog; path = Assets.xcassets; sourceTree = "<group>"; };
		1D742B2720AD308000FB7D9E /* Base */ = {isa = PBXFileReference; lastKnownFileType = file.storyboard; name = Base; path = Base.lproj/LaunchScreen.storyboard; sourceTree = "<group>"; };
		1D742B2920AD308000FB7D9E /* Info.plist */ = {isa = PBXFileReference; lastKnownFileType = text.plist.xml; path = Info.plist; sourceTree = "<group>"; };
		1D742B2A20AD308000FB7D9E /* main.m */ = {isa = PBXFileReference; lastKnownFileType = sourcecode.c.objc; path = main.m; sourceTree = "<group>"; };
		1D742B3020AD308000FB7D9E /* HHTestTests.xctest */ = {isa = PBXFileReference; explicitFileType = wrapper.cfbundle; includeInIndex = 0; path = HHTestTests.xctest; sourceTree = BUILT_PRODUCTS_DIR; };
		1D742B3420AD308000FB7D9E /* HHTestTests.m */ = {isa = PBXFileReference; lastKnownFileType = sourcecode.c.objc; path = HHTestTests.m; sourceTree = "<group>"; };
		1D742B3620AD308000FB7D9E /* Info.plist */ = {isa = PBXFileReference; lastKnownFileType = text.plist.xml; path = Info.plist; sourceTree = "<group>"; };
		1D742B3B20AD308000FB7D9E /* HHTestUITests.xctest */ = {isa = PBXFileReference; explicitFileType = wrapper.cfbundle; includeInIndex = 0; path = HHTestUITests.xctest; sourceTree = BUILT_PRODUCTS_DIR; };
		1D742B3F20AD308000FB7D9E /* HHTestUITests.m */ = {isa = PBXFileReference; lastKnownFileType = sourcecode.c.objc; path = HHTestUITests.m; sourceTree = "<group>"; };
		1D742B4120AD308000FB7D9E /* Info.plist */ = {isa = PBXFileReference; lastKnownFileType = text.plist.xml; path = Info.plist; sourceTree = "<group>"; };
		1DCC59BA21017968007EDB63 /* icon_shoujihaoxq@2x.png */ = {isa = PBXFileReference; lastKnownFileType = image.png; path = "icon_shoujihaoxq@2x.png"; sourceTree = "<group>"; };
		1DCC59BB21017969007EDB63 /* icon_shoujihaoxq@3x.png */ = {isa = PBXFileReference; lastKnownFileType = image.png; path = "icon_shoujihaoxq@3x.png"; sourceTree = "<group>"; };
		1DCC59BE21017AE4007EDB63 /* HHTexiField.h */ = {isa = PBXFileReference; lastKnownFileType = sourcecode.c.h; path = HHTexiField.h; sourceTree = "<group>"; };
		1DCC59BF21017AE4007EDB63 /* HHTexiField.m */ = {isa = PBXFileReference; lastKnownFileType = sourcecode.c.objc; path = HHTexiField.m; sourceTree = "<group>"; };
		4B5289F1093C5FECE4D887AC /* Pods-HHTest.release.xcconfig */ = {isa = PBXFileReference; includeInIndex = 1; lastKnownFileType = text.xcconfig; name = "Pods-HHTest.release.xcconfig"; path = "Pods/Target Support Files/Pods-HHTest/Pods-HHTest.release.xcconfig"; sourceTree = "<group>"; };
		516F307FBD9AD94A3A8AF9C0 /* Pods-HHTestUITests.debug.xcconfig */ = {isa = PBXFileReference; includeInIndex = 1; lastKnownFileType = text.xcconfig; name = "Pods-HHTestUITests.debug.xcconfig"; path = "Pods/Target Support Files/Pods-HHTestUITests/Pods-HHTestUITests.debug.xcconfig"; sourceTree = "<group>"; };
		98FDCF1A7B743ED29007F4B5 /* Pods-HHTestTests.debug.xcconfig */ = {isa = PBXFileReference; includeInIndex = 1; lastKnownFileType = text.xcconfig; name = "Pods-HHTestTests.debug.xcconfig"; path = "Pods/Target Support Files/Pods-HHTestTests/Pods-HHTestTests.debug.xcconfig"; sourceTree = "<group>"; };
		A95A5DE80E2DC508524DA7BE /* libPods-HHTestTests.a */ = {isa = PBXFileReference; explicitFileType = archive.ar; includeInIndex = 0; path = "libPods-HHTestTests.a"; sourceTree = BUILT_PRODUCTS_DIR; };
		AEDD0F1BD495729C59A6403D /* libPods-HHTestUITests.a */ = {isa = PBXFileReference; explicitFileType = archive.ar; includeInIndex = 0; path = "libPods-HHTestUITests.a"; sourceTree = BUILT_PRODUCTS_DIR; };
		B458121FB09E2A692791E936 /* Pods-HHTest.debug.xcconfig */ = {isa = PBXFileReference; includeInIndex = 1; lastKnownFileType = text.xcconfig; name = "Pods-HHTest.debug.xcconfig"; path = "Pods/Target Support Files/Pods-HHTest/Pods-HHTest.debug.xcconfig"; sourceTree = "<group>"; };
		D3BBCA49219D4A7EF5495930 /* libPods-HHTest.a */ = {isa = PBXFileReference; explicitFileType = archive.ar; includeInIndex = 0; path = "libPods-HHTest.a"; sourceTree = BUILT_PRODUCTS_DIR; };
		F33F710C5E4461E45781B166 /* Pods-HHTestUITests.release.xcconfig */ = {isa = PBXFileReference; includeInIndex = 1; lastKnownFileType = text.xcconfig; name = "Pods-HHTestUITests.release.xcconfig"; path = "Pods/Target Support Files/Pods-HHTestUITests/Pods-HHTestUITests.release.xcconfig"; sourceTree = "<group>"; };
/* End PBXFileReference section */

/* Begin PBXFrameworksBuildPhase section */
		1D742B1520AD308000FB7D9E /* Frameworks */ = {
			isa = PBXFrameworksBuildPhase;
			buildActionMask = 2147483647;
			files = (
				5E4B2B709CB96A672350CFD0 /* libPods-HHTest.a in Frameworks */,
				1D5DE2C92227D7B000D88B00 /* NewJKOCProjectTool.a in Frameworks */,
			);
			runOnlyForDeploymentPostprocessing = 0;
		};
		1D742B2D20AD308000FB7D9E /* Frameworks */ = {
			isa = PBXFrameworksBuildPhase;
			buildActionMask = 2147483647;
			files = (
				62731E562D76F310619F5F26 /* libPods-HHTestTests.a in Frameworks */,
			);
			runOnlyForDeploymentPostprocessing = 0;
		};
		1D742B3820AD308000FB7D9E /* Frameworks */ = {
			isa = PBXFrameworksBuildPhase;
			buildActionMask = 2147483647;
			files = (
				8E3F4AF4D9E8274E84B681A7 /* libPods-HHTestUITests.a in Frameworks */,
			);
			runOnlyForDeploymentPostprocessing = 0;
		};
/* End PBXFrameworksBuildPhase section */

/* Begin PBXGroup section */
		1D742B0F20AD308000FB7D9E = {
			isa = PBXGroup;
			children = (
				1D742B1A20AD308000FB7D9E /* HHTest */,
				1D742B3320AD308000FB7D9E /* HHTestTests */,
				1D742B3E20AD308000FB7D9E /* HHTestUITests */,
				1D742B1920AD308000FB7D9E /* Products */,
				C405CD2D8820C53CD1E16690 /* Pods */,
				D6FF1D1BDF416401D0D1C091 /* Frameworks */,
			);
			sourceTree = "<group>";
		};
		1D742B1920AD308000FB7D9E /* Products */ = {
			isa = PBXGroup;
			children = (
				1D742B1820AD308000FB7D9E /* HHTest.app */,
				1D742B3020AD308000FB7D9E /* HHTestTests.xctest */,
				1D742B3B20AD308000FB7D9E /* HHTestUITests.xctest */,
			);
			name = Products;
			sourceTree = "<group>";
		};
		1D742B1A20AD308000FB7D9E /* HHTest */ = {
			isa = PBXGroup;
			children = (
				1D742B1B20AD308000FB7D9E /* AppDelegate.h */,
				1D742B1C20AD308000FB7D9E /* AppDelegate.m */,
				1D742B1E20AD308000FB7D9E /* ViewController.h */,
				1D742B1F20AD308000FB7D9E /* ViewController.m */,
				1D1AF9372241D24100D23653 /* CustomView.h */,
				1D1AF9382241D24100D23653 /* CustomView.m */,
				1D5DE2CA2227D87600D88B00 /* HHTool.h */,
				1D5DE2C82227D7B000D88B00 /* NewJKOCProjectTool.a */,
				1D119B2221081CD5006B1305 /* ViewController1.h */,
				1D119B2321081CD5006B1305 /* ViewController1.m */,
				1D119B2821082287006B1305 /* ViewController2.h */,
				1D119B2921082287006B1305 /* ViewController2.m */,
				1DCC59BE21017AE4007EDB63 /* HHTexiField.h */,
				1DCC59BF21017AE4007EDB63 /* HHTexiField.m */,
				1D2B6CC620CA2D7800831AB8 /* People.h */,
				1D2B6CC720CA2D7800831AB8 /* People.m */,
				1D2B6CC920CA2E3A00831AB8 /* Son.h */,
				1D2B6CCA20CA2E3A00831AB8 /* Son.m */,
				1DCC59BA21017968007EDB63 /* icon_shoujihaoxq@2x.png */,
				1DCC59BB21017969007EDB63 /* icon_shoujihaoxq@3x.png */,
				1D742B2120AD308000FB7D9E /* Main.storyboard */,
				1D742B2420AD308000FB7D9E /* Assets.xcassets */,
				1D742B2620AD308000FB7D9E /* LaunchScreen.storyboard */,
				1D742B2920AD308000FB7D9E /* Info.plist */,
				1D742B2A20AD308000FB7D9E /* main.m */,
			);
			path = HHTest;
			sourceTree = "<group>";
		};
		1D742B3320AD308000FB7D9E /* HHTestTests */ = {
			isa = PBXGroup;
			children = (
				1D742B3420AD308000FB7D9E /* HHTestTests.m */,
				1D742B3620AD308000FB7D9E /* Info.plist */,
			);
			path = HHTestTests;
			sourceTree = "<group>";
		};
		1D742B3E20AD308000FB7D9E /* HHTestUITests */ = {
			isa = PBXGroup;
			children = (
				1D742B3F20AD308000FB7D9E /* HHTestUITests.m */,
				1D742B4120AD308000FB7D9E /* Info.plist */,
			);
			path = HHTestUITests;
			sourceTree = "<group>";
		};
		C405CD2D8820C53CD1E16690 /* Pods */ = {
			isa = PBXGroup;
			children = (
				B458121FB09E2A692791E936 /* Pods-HHTest.debug.xcconfig */,
				4B5289F1093C5FECE4D887AC /* Pods-HHTest.release.xcconfig */,
				98FDCF1A7B743ED29007F4B5 /* Pods-HHTestTests.debug.xcconfig */,
				19E19BFE0E98B66780D25753 /* Pods-HHTestTests.release.xcconfig */,
				516F307FBD9AD94A3A8AF9C0 /* Pods-HHTestUITests.debug.xcconfig */,
				F33F710C5E4461E45781B166 /* Pods-HHTestUITests.release.xcconfig */,
			);
			name = Pods;
			sourceTree = "<group>";
		};
		D6FF1D1BDF416401D0D1C091 /* Frameworks */ = {
			isa = PBXGroup;
			children = (
				D3BBCA49219D4A7EF5495930 /* libPods-HHTest.a */,
				A95A5DE80E2DC508524DA7BE /* libPods-HHTestTests.a */,
				AEDD0F1BD495729C59A6403D /* libPods-HHTestUITests.a */,
			);
			name = Frameworks;
			sourceTree = "<group>";
		};
/* End PBXGroup section */

/* Begin PBXNativeTarget section */
		1D742B1720AD308000FB7D9E /* HHTest */ = {
			isa = PBXNativeTarget;
			buildConfigurationList = 1D742B4420AD308000FB7D9E /* Build configuration list for PBXNativeTarget "HHTest" */;
			buildPhases = (
				B65C9E8670E0A3CE6A60276E /* [CP] Check Pods Manifest.lock */,
				1D742B1420AD308000FB7D9E /* Sources */,
				1D742B1520AD308000FB7D9E /* Frameworks */,
				1D742B1620AD308000FB7D9E /* Resources */,
				84ABDC08BA680117E2079CBC /* [CP] Embed Pods Frameworks */,
				457EF11ABE9AF1387DA9E232 /* [CP] Copy Pods Resources */,
			);
			buildRules = (
			);
			dependencies = (
			);
			name = HHTest;
			productName = HHTest;
			productReference = 1D742B1820AD308000FB7D9E /* HHTest.app */;
			productType = "com.apple.product-type.application";
		};
		1D742B2F20AD308000FB7D9E /* HHTestTests */ = {
			isa = PBXNativeTarget;
			buildConfigurationList = 1D742B4720AD308000FB7D9E /* Build configuration list for PBXNativeTarget "HHTestTests" */;
			buildPhases = (
				E3FDE5F8D6AA528B1A9490B7 /* [CP] Check Pods Manifest.lock */,
				1D742B2C20AD308000FB7D9E /* Sources */,
				1D742B2D20AD308000FB7D9E /* Frameworks */,
				1D742B2E20AD308000FB7D9E /* Resources */,
				DE5436940F2ABA162F11298B /* [CP] Embed Pods Frameworks */,
				B782F74BAFE283D252AD4F94 /* [CP] Copy Pods Resources */,
			);
			buildRules = (
			);
			dependencies = (
				1D742B3220AD308000FB7D9E /* PBXTargetDependency */,
			);
			name = HHTestTests;
			productName = HHTestTests;
			productReference = 1D742B3020AD308000FB7D9E /* HHTestTests.xctest */;
			productType = "com.apple.product-type.bundle.unit-test";
		};
		1D742B3A20AD308000FB7D9E /* HHTestUITests */ = {
			isa = PBXNativeTarget;
			buildConfigurationList = 1D742B4A20AD308000FB7D9E /* Build configuration list for PBXNativeTarget "HHTestUITests" */;
			buildPhases = (
				EBC4EB81E41F74EA359012D2 /* [CP] Check Pods Manifest.lock */,
				1D742B3720AD308000FB7D9E /* Sources */,
				1D742B3820AD308000FB7D9E /* Frameworks */,
				1D742B3920AD308000FB7D9E /* Resources */,
				B2B5F5E0DF1F17BEFFA108C9 /* [CP] Embed Pods Frameworks */,
				4A0A088E7CBE9C49180CC6C5 /* [CP] Copy Pods Resources */,
			);
			buildRules = (
			);
			dependencies = (
				1D742B3D20AD308000FB7D9E /* PBXTargetDependency */,
			);
			name = HHTestUITests;
			productName = HHTestUITests;
			productReference = 1D742B3B20AD308000FB7D9E /* HHTestUITests.xctest */;
			productType = "com.apple.product-type.bundle.ui-testing";
		};
/* End PBXNativeTarget section */

/* Begin PBXProject section */
		1D742B1020AD308000FB7D9E /* Project object */ = {
			isa = PBXProject;
			attributes = {
				LastUpgradeCheck = 0920;
				ORGANIZATIONNAME = "黄浩";
				TargetAttributes = {
					1D742B1720AD308000FB7D9E = {
						CreatedOnToolsVersion = 9.2;
						ProvisioningStyle = Automatic;
					};
					1D742B2F20AD308000FB7D9E = {
						CreatedOnToolsVersion = 9.2;
						ProvisioningStyle = Automatic;
						TestTargetID = 1D742B1720AD308000FB7D9E;
					};
					1D742B3A20AD308000FB7D9E = {
						CreatedOnToolsVersion = 9.2;
						ProvisioningStyle = Automatic;
						TestTargetID = 1D742B1720AD308000FB7D9E;
					};
				};
			};
			buildConfigurationList = 1D742B1320AD308000FB7D9E /* Build configuration list for PBXProject "HHTest" */;
			compatibilityVersion = "Xcode 8.0";
			developmentRegion = en;
			hasScannedForEncodings = 0;
			knownRegions = (
				en,
				Base,
			);
			mainGroup = 1D742B0F20AD308000FB7D9E;
			productRefGroup = 1D742B1920AD308000FB7D9E /* Products */;
			projectDirPath = "";
			projectRoot = "";
			targets = (
				1D742B1720AD308000FB7D9E /* HHTest */,
				1D742B2F20AD308000FB7D9E /* HHTestTests */,
				1D742B3A20AD308000FB7D9E /* HHTestUITests */,
			);
		};
/* End PBXProject section */

/* Begin PBXResourcesBuildPhase section */
		1D742B1620AD308000FB7D9E /* Resources */ = {
			isa = PBXResourcesBuildPhase;
			buildActionMask = 2147483647;
			files = (
				1D742B2820AD308000FB7D9E /* LaunchScreen.storyboard in Resources */,
				1D742B2520AD308000FB7D9E /* Assets.xcassets in Resources */,
				1DCC59BD21017969007EDB63 /* icon_shoujihaoxq@3x.png in Resources */,
				1D742B2320AD308000FB7D9E /* Main.storyboard in Resources */,
				1DCC59BC21017969007EDB63 /* icon_shoujihaoxq@2x.png in Resources */,
			);
			runOnlyForDeploymentPostprocessing = 0;
		};
		1D742B2E20AD308000FB7D9E /* Resources */ = {
			isa = PBXResourcesBuildPhase;
			buildActionMask = 2147483647;
			files = (
			);
			runOnlyForDeploymentPostprocessing = 0;
		};
		1D742B3920AD308000FB7D9E /* Resources */ = {
			isa = PBXResourcesBuildPhase;
			buildActionMask = 2147483647;
			files = (
			);
			runOnlyForDeploymentPostprocessing = 0;
		};
/* End PBXResourcesBuildPhase section */

/* Begin PBXShellScriptBuildPhase section */
		457EF11ABE9AF1387DA9E232 /* [CP] Copy Pods Resources */ = {
			isa = PBXShellScriptBuildPhase;
			buildActionMask = 2147483647;
			files = (
			);
			inputPaths = (
				"${SRCROOT}/Pods/Target Support Files/Pods-HHTest/Pods-HHTest-resources.sh",
				"${PODS_ROOT}/AMap2DMap/MAMapKit.framework/AMap.bundle",
			);
			name = "[CP] Copy Pods Resources";
			outputPaths = (
				"${TARGET_BUILD_DIR}/${UNLOCALIZED_RESOURCES_FOLDER_PATH}/AMap.bundle",
			);
			runOnlyForDeploymentPostprocessing = 0;
			shellPath = /bin/sh;
			shellScript = "\"${SRCROOT}/Pods/Target Support Files/Pods-HHTest/Pods-HHTest-resources.sh\"\n";
			showEnvVarsInLog = 0;
		};
		4A0A088E7CBE9C49180CC6C5 /* [CP] Copy Pods Resources */ = {
			isa = PBXShellScriptBuildPhase;
			buildActionMask = 2147483647;
			files = (
			);
			inputPaths = (
			);
			name = "[CP] Copy Pods Resources";
			outputPaths = (
			);
			runOnlyForDeploymentPostprocessing = 0;
			shellPath = /bin/sh;
			shellScript = "\"${SRCROOT}/Pods/Target Support Files/Pods-HHTestUITests/Pods-HHTestUITests-resources.sh\"\n";
			showEnvVarsInLog = 0;
		};
		84ABDC08BA680117E2079CBC /* [CP] Embed Pods Frameworks */ = {
			isa = PBXShellScriptBuildPhase;
			buildActionMask = 2147483647;
			files = (
			);
			inputPaths = (
			);
			name = "[CP] Embed Pods Frameworks";
			outputPaths = (
			);
			runOnlyForDeploymentPostprocessing = 0;
			shellPath = /bin/sh;
			shellScript = "\"${SRCROOT}/Pods/Target Support Files/Pods-HHTest/Pods-HHTest-frameworks.sh\"\n";
			showEnvVarsInLog = 0;
		};
		B2B5F5E0DF1F17BEFFA108C9 /* [CP] Embed Pods Frameworks */ = {
			isa = PBXShellScriptBuildPhase;
			buildActionMask = 2147483647;
			files = (
			);
			inputPaths = (
			);
			name = "[CP] Embed Pods Frameworks";
			outputPaths = (
			);
			runOnlyForDeploymentPostprocessing = 0;
			shellPath = /bin/sh;
			shellScript = "\"${SRCROOT}/Pods/Target Support Files/Pods-HHTestUITests/Pods-HHTestUITests-frameworks.sh\"\n";
			showEnvVarsInLog = 0;
		};
		B65C9E8670E0A3CE6A60276E /* [CP] Check Pods Manifest.lock */ = {
			isa = PBXShellScriptBuildPhase;
			buildActionMask = 2147483647;
			files = (
			);
			inputPaths = (
				"${PODS_PODFILE_DIR_PATH}/Podfile.lock",
				"${PODS_ROOT}/Manifest.lock",
			);
			name = "[CP] Check Pods Manifest.lock";
			outputPaths = (
				"$(DERIVED_FILE_DIR)/Pods-HHTest-checkManifestLockResult.txt",
			);
			runOnlyForDeploymentPostprocessing = 0;
			shellPath = /bin/sh;
			shellScript = "diff \"${PODS_PODFILE_DIR_PATH}/Podfile.lock\" \"${PODS_ROOT}/Manifest.lock\" > /dev/null\nif [ $? != 0 ] ; then\n    # print error to STDERR\n    echo \"error: The sandbox is not in sync with the Podfile.lock. Run 'pod install' or update your CocoaPods installation.\" >&2\n    exit 1\nfi\n# This output is used by Xcode 'outputs' to avoid re-running this script phase.\necho \"SUCCESS\" > \"${SCRIPT_OUTPUT_FILE_0}\"\n";
			showEnvVarsInLog = 0;
		};
		B782F74BAFE283D252AD4F94 /* [CP] Copy Pods Resources */ = {
			isa = PBXShellScriptBuildPhase;
			buildActionMask = 2147483647;
			files = (
			);
			inputPaths = (
			);
			name = "[CP] Copy Pods Resources";
			outputPaths = (
			);
			runOnlyForDeploymentPostprocessing = 0;
			shellPath = /bin/sh;
			shellScript = "\"${SRCROOT}/Pods/Target Support Files/Pods-HHTestTests/Pods-HHTestTests-resources.sh\"\n";
			showEnvVarsInLog = 0;
		};
		DE5436940F2ABA162F11298B /* [CP] Embed Pods Frameworks */ = {
			isa = PBXShellScriptBuildPhase;
			buildActionMask = 2147483647;
			files = (
			);
			inputPaths = (
			);
			name = "[CP] Embed Pods Frameworks";
			outputPaths = (
			);
			runOnlyForDeploymentPostprocessing = 0;
			shellPath = /bin/sh;
			shellScript = "\"${SRCROOT}/Pods/Target Support Files/Pods-HHTestTests/Pods-HHTestTests-frameworks.sh\"\n";
			showEnvVarsInLog = 0;
		};
		E3FDE5F8D6AA528B1A9490B7 /* [CP] Check Pods Manifest.lock */ = {
			isa = PBXShellScriptBuildPhase;
			buildActionMask = 2147483647;
			files = (
			);
			inputPaths = (
				"${PODS_PODFILE_DIR_PATH}/Podfile.lock",
				"${PODS_ROOT}/Manifest.lock",
			);
			name = "[CP] Check Pods Manifest.lock";
			outputPaths = (
				"$(DERIVED_FILE_DIR)/Pods-HHTestTests-checkManifestLockResult.txt",
			);
			runOnlyForDeploymentPostprocessing = 0;
			shellPath = /bin/sh;
			shellScript = "diff \"${PODS_PODFILE_DIR_PATH}/Podfile.lock\" \"${PODS_ROOT}/Manifest.lock\" > /dev/null\nif [ $? != 0 ] ; then\n    # print error to STDERR\n    echo \"error: The sandbox is not in sync with the Podfile.lock. Run 'pod install' or update your CocoaPods installation.\" >&2\n    exit 1\nfi\n# This output is used by Xcode 'outputs' to avoid re-running this script phase.\necho \"SUCCESS\" > \"${SCRIPT_OUTPUT_FILE_0}\"\n";
			showEnvVarsInLog = 0;
		};
		EBC4EB81E41F74EA359012D2 /* [CP] Check Pods Manifest.lock */ = {
			isa = PBXShellScriptBuildPhase;
			buildActionMask = 2147483647;
			files = (
			);
			inputPaths = (
				"${PODS_PODFILE_DIR_PATH}/Podfile.lock",
				"${PODS_ROOT}/Manifest.lock",
			);
			name = "[CP] Check Pods Manifest.lock";
			outputPaths = (
				"$(DERIVED_FILE_DIR)/Pods-HHTestUITests-checkManifestLockResult.txt",
			);
			runOnlyForDeploymentPostprocessing = 0;
			shellPath = /bin/sh;
			shellScript = "diff \"${PODS_PODFILE_DIR_PATH}/Podfile.lock\" \"${PODS_ROOT}/Manifest.lock\" > /dev/null\nif [ $? != 0 ] ; then\n    # print error to STDERR\n    echo \"error: The sandbox is not in sync with the Podfile.lock. Run 'pod install' or update your CocoaPods installation.\" >&2\n    exit 1\nfi\n# This output is used by Xcode 'outputs' to avoid re-running this script phase.\necho \"SUCCESS\" > \"${SCRIPT_OUTPUT_FILE_0}\"\n";
			showEnvVarsInLog = 0;
		};
/* End PBXShellScriptBuildPhase section */

/* Begin PBXSourcesBuildPhase section */
		1D742B1420AD308000FB7D9E /* Sources */ = {
			isa = PBXSourcesBuildPhase;
			buildActionMask = 2147483647;
			files = (
				1D2B6CC820CA2D7800831AB8 /* People.m in Sources */,
				1D119B2421081CD5006B1305 /* ViewController1.m in Sources */,
				1D2B6CCB20CA2E3A00831AB8 /* Son.m in Sources */,
				1D742B2020AD308000FB7D9E /* ViewController.m in Sources */,
				1D742B2B20AD308000FB7D9E /* main.m in Sources */,
				1D1AF9392241D24100D23653 /* CustomView.m in Sources */,
				1D119B2A21082287006B1305 /* ViewController2.m in Sources */,
				1DCC59C021017AE4007EDB63 /* HHTexiField.m in Sources */,
				1D742B1D20AD308000FB7D9E /* AppDelegate.m in Sources */,
			);
			runOnlyForDeploymentPostprocessing = 0;
		};
		1D742B2C20AD308000FB7D9E /* Sources */ = {
			isa = PBXSourcesBuildPhase;
			buildActionMask = 2147483647;
			files = (
				1D742B3520AD308000FB7D9E /* HHTestTests.m in Sources */,
			);
			runOnlyForDeploymentPostprocessing = 0;
		};
		1D742B3720AD308000FB7D9E /* Sources */ = {
			isa = PBXSourcesBuildPhase;
			buildActionMask = 2147483647;
			files = (
				1D742B4020AD308000FB7D9E /* HHTestUITests.m in Sources */,
			);
			runOnlyForDeploymentPostprocessing = 0;
		};
/* End PBXSourcesBuildPhase section */

/* Begin PBXTargetDependency section */
		1D742B3220AD308000FB7D9E /* PBXTargetDependency */ = {
			isa = PBXTargetDependency;
			target = 1D742B1720AD308000FB7D9E /* HHTest */;
			targetProxy = 1D742B3120AD308000FB7D9E /* PBXContainerItemProxy */;
		};
		1D742B3D20AD308000FB7D9E /* PBXTargetDependency */ = {
			isa = PBXTargetDependency;
			target = 1D742B1720AD308000FB7D9E /* HHTest */;
			targetProxy = 1D742B3C20AD308000FB7D9E /* PBXContainerItemProxy */;
		};
/* End PBXTargetDependency section */

/* Begin PBXVariantGroup section */
		1D742B2120AD308000FB7D9E /* Main.storyboard */ = {
			isa = PBXVariantGroup;
			children = (
				1D742B2220AD308000FB7D9E /* Base */,
			);
			name = Main.storyboard;
			sourceTree = "<group>";
		};
		1D742B2620AD308000FB7D9E /* LaunchScreen.storyboard */ = {
			isa = PBXVariantGroup;
			children = (
				1D742B2720AD308000FB7D9E /* Base */,
			);
			name = LaunchScreen.storyboard;
			sourceTree = "<group>";
		};
/* End PBXVariantGroup section */

/* Begin XCBuildConfiguration section */
		1D742B4220AD308000FB7D9E /* Debug */ = {
			isa = XCBuildConfiguration;
			buildSettings = {
				ALWAYS_SEARCH_USER_PATHS = NO;
				CLANG_ANALYZER_NONNULL = YES;
				CLANG_ANALYZER_NUMBER_OBJECT_CONVERSION = YES_AGGRESSIVE;
				CLANG_CXX_LANGUAGE_STANDARD = "gnu++14";
				CLANG_CXX_LIBRARY = "libc++";
				CLANG_ENABLE_MODULES = YES;
				CLANG_ENABLE_OBJC_ARC = YES;
				CLANG_WARN_BLOCK_CAPTURE_AUTORELEASING = YES;
				CLANG_WARN_BOOL_CONVERSION = YES;
				CLANG_WARN_COMMA = YES;
				CLANG_WARN_CONSTANT_CONVERSION = YES;
				CLANG_WARN_DIRECT_OBJC_ISA_USAGE = YES_ERROR;
				CLANG_WARN_DOCUMENTATION_COMMENTS = YES;
				CLANG_WARN_EMPTY_BODY = YES;
				CLANG_WARN_ENUM_CONVERSION = YES;
				CLANG_WARN_INFINITE_RECURSION = YES;
				CLANG_WARN_INT_CONVERSION = YES;
				CLANG_WARN_NON_LITERAL_NULL_CONVERSION = YES;
				CLANG_WARN_OBJC_LITERAL_CONVERSION = YES;
				CLANG_WARN_OBJC_ROOT_CLASS = YES_ERROR;
				CLANG_WARN_RANGE_LOOP_ANALYSIS = YES;
				CLANG_WARN_STRICT_PROTOTYPES = YES;
				CLANG_WARN_SUSPICIOUS_MOVE = YES;
				CLANG_WARN_UNGUARDED_AVAILABILITY = YES_AGGRESSIVE;
				CLANG_WARN_UNREACHABLE_CODE = YES;
				CLANG_WARN__DUPLICATE_METHOD_MATCH = YES;
				CODE_SIGN_IDENTITY = "iPhone Developer";
				COPY_PHASE_STRIP = NO;
				DEBUG_INFORMATION_FORMAT = dwarf;
				ENABLE_STRICT_OBJC_MSGSEND = YES;
				ENABLE_TESTABILITY = YES;
				GCC_C_LANGUAGE_STANDARD = gnu11;
				GCC_DYNAMIC_NO_PIC = NO;
				GCC_NO_COMMON_BLOCKS = YES;
				GCC_OPTIMIZATION_LEVEL = 0;
				GCC_PREPROCESSOR_DEFINITIONS = (
					"DEBUG=1",
					"$(inherited)",
				);
				GCC_WARN_64_TO_32_BIT_CONVERSION = YES;
				GCC_WARN_ABOUT_RETURN_TYPE = YES_ERROR;
				GCC_WARN_UNDECLARED_SELECTOR = YES;
				GCC_WARN_UNINITIALIZED_AUTOS = YES_AGGRESSIVE;
				GCC_WARN_UNUSED_FUNCTION = YES;
				GCC_WARN_UNUSED_VARIABLE = YES;
				IPHONEOS_DEPLOYMENT_TARGET = 11.2;
				MTL_ENABLE_DEBUG_INFO = YES;
				ONLY_ACTIVE_ARCH = YES;
				SDKROOT = iphoneos;
			};
			name = Debug;
		};
		1D742B4320AD308000FB7D9E /* Release */ = {
			isa = XCBuildConfiguration;
			buildSettings = {
				ALWAYS_SEARCH_USER_PATHS = NO;
				CLANG_ANALYZER_NONNULL = YES;
				CLANG_ANALYZER_NUMBER_OBJECT_CONVERSION = YES_AGGRESSIVE;
				CLANG_CXX_LANGUAGE_STANDARD = "gnu++14";
				CLANG_CXX_LIBRARY = "libc++";
				CLANG_ENABLE_MODULES = YES;
				CLANG_ENABLE_OBJC_ARC = YES;
				CLANG_WARN_BLOCK_CAPTURE_AUTORELEASING = YES;
				CLANG_WARN_BOOL_CONVERSION = YES;
				CLANG_WARN_COMMA = YES;
				CLANG_WARN_CONSTANT_CONVERSION = YES;
				CLANG_WARN_DIRECT_OBJC_ISA_USAGE = YES_ERROR;
				CLANG_WARN_DOCUMENTATION_COMMENTS = YES;
				CLANG_WARN_EMPTY_BODY = YES;
				CLANG_WARN_ENUM_CONVERSION = YES;
				CLANG_WARN_INFINITE_RECURSION = YES;
				CLANG_WARN_INT_CONVERSION = YES;
				CLANG_WARN_NON_LITERAL_NULL_CONVERSION = YES;
				CLANG_WARN_OBJC_LITERAL_CONVERSION = YES;
				CLANG_WARN_OBJC_ROOT_CLASS = YES_ERROR;
				CLANG_WARN_RANGE_LOOP_ANALYSIS = YES;
				CLANG_WARN_STRICT_PROTOTYPES = YES;
				CLANG_WARN_SUSPICIOUS_MOVE = YES;
				CLANG_WARN_UNGUARDED_AVAILABILITY = YES_AGGRESSIVE;
				CLANG_WARN_UNREACHABLE_CODE = YES;
				CLANG_WARN__DUPLICATE_METHOD_MATCH = YES;
				CODE_SIGN_IDENTITY = "iPhone Developer";
				COPY_PHASE_STRIP = NO;
				DEBUG_INFORMATION_FORMAT = "dwarf-with-dsym";
				ENABLE_NS_ASSERTIONS = NO;
				ENABLE_STRICT_OBJC_MSGSEND = YES;
				GCC_C_LANGUAGE_STANDARD = gnu11;
				GCC_NO_COMMON_BLOCKS = YES;
				GCC_WARN_64_TO_32_BIT_CONVERSION = YES;
				GCC_WARN_ABOUT_RETURN_TYPE = YES_ERROR;
				GCC_WARN_UNDECLARED_SELECTOR = YES;
				GCC_WARN_UNINITIALIZED_AUTOS = YES_AGGRESSIVE;
				GCC_WARN_UNUSED_FUNCTION = YES;
				GCC_WARN_UNUSED_VARIABLE = YES;
				IPHONEOS_DEPLOYMENT_TARGET = 11.2;
				MTL_ENABLE_DEBUG_INFO = NO;
				SDKROOT = iphoneos;
				VALIDATE_PRODUCT = YES;
			};
			name = Release;
		};
		1D742B4520AD308000FB7D9E /* Debug */ = {
			isa = XCBuildConfiguration;
			baseConfigurationReference = B458121FB09E2A692791E936 /* Pods-HHTest.debug.xcconfig */;
			buildSettings = {
				ASSETCATALOG_COMPILER_APPICON_NAME = AppIcon;
				CODE_SIGN_STYLE = Automatic;
				DEVELOPMENT_TEAM = NA62QJD7V9;
				FRAMEWORK_SEARCH_PATHS = (
					"$(inherited)",
					"$(PROJECT_DIR)/HHTest",
				);
				INFOPLIST_FILE = HHTest/Info.plist;
				IPHONEOS_DEPLOYMENT_TARGET = 9.0;
				LD_RUNPATH_SEARCH_PATHS = "$(inherited) @executable_path/Frameworks";
				LIBRARY_SEARCH_PATHS = (
					"$(inherited)",
					"$(PROJECT_DIR)/HHTest",
				);
				PRODUCT_BUNDLE_IDENTIFIER = com.zvs.sqq;
				PRODUCT_NAME = "$(TARGET_NAME)";
				TARGETED_DEVICE_FAMILY = "1,2";
			};
			name = Debug;
		};
		1D742B4620AD308000FB7D9E /* Release */ = {
			isa = XCBuildConfiguration;
			baseConfigurationReference = 4B5289F1093C5FECE4D887AC /* Pods-HHTest.release.xcconfig */;
			buildSettings = {
				ASSETCATALOG_COMPILER_APPICON_NAME = AppIcon;
				CODE_SIGN_STYLE = Automatic;
				DEVELOPMENT_TEAM = NA62QJD7V9;
				FRAMEWORK_SEARCH_PATHS = (
					"$(inherited)",
					"$(PROJECT_DIR)/HHTest",
				);
				INFOPLIST_FILE = HHTest/Info.plist;
				IPHONEOS_DEPLOYMENT_TARGET = 9.0;
				LD_RUNPATH_SEARCH_PATHS = "$(inherited) @executable_path/Frameworks";
				LIBRARY_SEARCH_PATHS = (
					"$(inherited)",
					"$(PROJECT_DIR)/HHTest",
				);
				PRODUCT_BUNDLE_IDENTIFIER = com.zvs.sqq;
				PRODUCT_NAME = "$(TARGET_NAME)";
				TARGETED_DEVICE_FAMILY = "1,2";
			};
			name = Release;
		};
		1D742B4820AD308000FB7D9E /* Debug */ = {
			isa = XCBuildConfiguration;
			baseConfigurationReference = 98FDCF1A7B743ED29007F4B5 /* Pods-HHTestTests.debug.xcconfig */;
			buildSettings = {
				BUNDLE_LOADER = "$(TEST_HOST)";
				CODE_SIGN_STYLE = Automatic;
				INFOPLIST_FILE = HHTestTests/Info.plist;
				LD_RUNPATH_SEARCH_PATHS = "$(inherited) @executable_path/Frameworks @loader_path/Frameworks";
				PRODUCT_BUNDLE_IDENTIFIER = com.haunghao.HHTestTests;
				PRODUCT_NAME = "$(TARGET_NAME)";
				TARGETED_DEVICE_FAMILY = "1,2";
				TEST_HOST = "$(BUILT_PRODUCTS_DIR)/HHTest.app/HHTest";
			};
			name = Debug;
		};
		1D742B4920AD308000FB7D9E /* Release */ = {
			isa = XCBuildConfiguration;
			baseConfigurationReference = 19E19BFE0E98B66780D25753 /* Pods-HHTestTests.release.xcconfig */;
			buildSettings = {
				BUNDLE_LOADER = "$(TEST_HOST)";
				CODE_SIGN_STYLE = Automatic;
				INFOPLIST_FILE = HHTestTests/Info.plist;
				LD_RUNPATH_SEARCH_PATHS = "$(inherited) @executable_path/Frameworks @loader_path/Frameworks";
				PRODUCT_BUNDLE_IDENTIFIER = com.haunghao.HHTestTests;
				PRODUCT_NAME = "$(TARGET_NAME)";
				TARGETED_DEVICE_FAMILY = "1,2";
				TEST_HOST = "$(BUILT_PRODUCTS_DIR)/HHTest.app/HHTest";
			};
			name = Release;
		};
		1D742B4B20AD308000FB7D9E /* Debug */ = {
			isa = XCBuildConfiguration;
			baseConfigurationReference = 516F307FBD9AD94A3A8AF9C0 /* Pods-HHTestUITests.debug.xcconfig */;
			buildSettings = {
				CODE_SIGN_STYLE = Automatic;
				INFOPLIST_FILE = HHTestUITests/Info.plist;
				LD_RUNPATH_SEARCH_PATHS = "$(inherited) @executable_path/Frameworks @loader_path/Frameworks";
				PRODUCT_BUNDLE_IDENTIFIER = com.haunghao.HHTestUITests;
				PRODUCT_NAME = "$(TARGET_NAME)";
				TARGETED_DEVICE_FAMILY = "1,2";
				TEST_TARGET_NAME = HHTest;
			};
			name = Debug;
		};
		1D742B4C20AD308000FB7D9E /* Release */ = {
			isa = XCBuildConfiguration;
			baseConfigurationReference = F33F710C5E4461E45781B166 /* Pods-HHTestUITests.release.xcconfig */;
			buildSettings = {
				CODE_SIGN_STYLE = Automatic;
				INFOPLIST_FILE = HHTestUITests/Info.plist;
				LD_RUNPATH_SEARCH_PATHS = "$(inherited) @executable_path/Frameworks @loader_path/Frameworks";
				PRODUCT_BUNDLE_IDENTIFIER = com.haunghao.HHTestUITests;
				PRODUCT_NAME = "$(TARGET_NAME)";
				TARGETED_DEVICE_FAMILY = "1,2";
				TEST_TARGET_NAME = HHTest;
			};
			name = Release;
		};
/* End XCBuildConfiguration section */

/* Begin XCConfigurationList section */
		1D742B1320AD308000FB7D9E /* Build configuration list for PBXProject "HHTest" */ = {
			isa = XCConfigurationList;
			buildConfigurations = (
				1D742B4220AD308000FB7D9E /* Debug */,
				1D742B4320AD308000FB7D9E /* Release */,
			);
			defaultConfigurationIsVisible = 0;
			defaultConfigurationName = Release;
		};
		1D742B4420AD308000FB7D9E /* Build configuration list for PBXNativeTarget "HHTest" */ = {
			isa = XCConfigurationList;
			buildConfigurations = (
				1D742B4520AD308000FB7D9E /* Debug */,
				1D742B4620AD308000FB7D9E /* Release */,
			);
			defaultConfigurationIsVisible = 0;
			defaultConfigurationName = Release;
		};
		1D742B4720AD308000FB7D9E /* Build configuration list for PBXNativeTarget "HHTestTests" */ = {
			isa = XCConfigurationList;
			buildConfigurations = (
				1D742B4820AD308000FB7D9E /* Debug */,
				1D742B4920AD308000FB7D9E /* Release */,
			);
			defaultConfigurationIsVisible = 0;
			defaultConfigurationName = Release;
		};
		1D742B4A20AD308000FB7D9E /* Build configuration list for PBXNativeTarget "HHTestUITests" */ = {
			isa = XCConfigurationList;
			buildConfigurations = (
				1D742B4B20AD308000FB7D9E /* Debug */,
				1D742B4C20AD308000FB7D9E /* Release */,
			);
			defaultConfigurationIsVisible = 0;
			defaultConfigurationName = Release;
		};
/* End XCConfigurationList section */
	};
	rootObject = 1D742B1020AD308000FB7D9E /* Project object */;
}
